<?xml version="1.0" encoding="UTF-8" standalone="yes" ?>
<CodeBlocks_project_file>
	<FileVersion major="1" minor="6" />
	<Project>
		<Option title="SNDR_2025" />
		<Option pch_mode="2" />
		<Option compiler="gcc" />
		<Build>
			<Target title="Debug">
				<Option output="bin/Debug/SNDR_2025" prefix_auto="1" extension_auto="1" />
				<Option object_output="obj/Debug/" />
				<Option type="1" />
				<Option compiler="gcc" />
				<Compiler>
					<Add option="-g" />
				</Compiler>
			</Target>
			<Target title="Release">
				<Option output="bin/Release/SNDR_2025" prefix_auto="1" extension_auto="1" />
				<Option object_output="obj/Release/" />
				<Option type="1" />
				<Option compiler="gcc" />
				<Compiler>
					<Add option="-O2" />
				</Compiler>
				<Linker>
					<Add option="-s" />
				</Linker>
			</Target>
			<Target title="TestDriver">
				<Option output="bin/TestDriver/SNDR_2025" prefix_auto="1" extension_auto="1" />
				<Option object_output="obj/TestDriver" />
				<Option type="1" />
				<Option compiler="gcc" />
			</Target>
		</Build>
		<Compiler>
			<Add option="-Wall" />
			<Add option="-fexceptions" />
		</Compiler>
		<Unit filename="calculate.cpp" />
		<Unit filename="calculate.h" />
		<Unit filename="main.cpp">
			<Option target="Debug" />
			<Option target="Release" />
		</Unit>
		<Unit filename="number_utils.cpp" />
		<Unit filename="number_utils.h">
			<Option target="TestDriver" />
		</Unit>
		<Unit filename="test_driver.cpp">
			<Option target="TestDriver" />
		</Unit>
		<Unit filename="triangle.cpp" />
		<Unit filename="triangle.h">
			<Option target="TestDriver" />
		</Unit>
		<Extensions>
			<lib_finder disable_auto="1" />
		</Extensions>
	</Project>
</CodeBlocks_project_file>
